
Microsoft Visual Studio Solution File, Format Version 12.00
Project("{FAE04EC0-301F-11D3-BF4B-00C04F79EFBC}") = "Program", "Program\Program.csproj", "{A5C5096B-8407-41BB-9E44-0CD4FAD9F0B4}"
EndProject
Project("{FAE04EC0-301F-11D3-BF4B-00C04F79EFBC}") = "Program.Tests", "Program.Tests\Program.Tests.csproj", "{CFD29C9F-0951-44D6-87F0-813C4273E640}"
EndProject
Global
	GlobalSection(SolutionConfigurationPlatforms) = preSolution
		Debug|Any CPU = Debug|Any CPU
		Release|Any CPU = Release|Any CPU
	EndGlobalSection
	GlobalSection(ProjectConfigurationPlatforms) = postSolution
		{A5C5096B-8407-41BB-9E44-0CD4FAD9F0B4}.Debug|Any CPU.ActiveCfg = Debug|Any CPU
		{A5C5096B-8407-41BB-9E44-0CD4FAD9F0B4}.Debug|Any CPU.Build.0 = Debug|Any CPU
		{A5C5096B-8407-41BB-9E44-0CD4FAD9F0B4}.Release|Any CPU.ActiveCfg = Release|Any CPU
		{A5C5096B-8407-41BB-9E44-0CD4FAD9F0B4}.Release|Any CPU.Build.0 = Release|Any CPU
		{CFD29C9F-0951-44D6-87F0-813C4273E640}.Debug|Any CPU.ActiveCfg = Debug|Any CPU
		{CFD29C9F-0951-44D6-87F0-813C4273E640}.Debug|Any CPU.Build.0 = Debug|Any CPU
		{CFD29C9F-0951-44D6-87F0-813C4273E640}.Release|Any CPU.ActiveCfg = Release|Any CPU
		{CFD29C9F-0951-44D6-87F0-813C4273E640}.Release|Any CPU.Build.0 = Release|Any CPU
	EndGlobalSection
EndGlobal
